
Microsoft Visual Studio Solution File, Format Version 12.00
# Visual Studio Version 17
VisualStudioVersion = 17.4.33110.190
MinimumVisualStudioVersion = 10.0.40219.1
Project("{FAE04EC0-301F-11D3-BF4B-00C04F79EFBC}") = "WinFormsApp3", "WinFormsApp3\WinFormsApp3.csproj", "{44178660-67FA-4D99-B3F0-A02F2D0CF32A}"
EndProject
Global
	GlobalSection(SolutionConfigurationPlatforms) = preSolution
		Debug|Any CPU = Debug|Any CPU
		Release|Any CPU = Release|Any CPU
	EndGlobalSection
	GlobalSection(ProjectConfigurationPlatforms) = postSolution
		{44178660-67FA-4D99-B3F0-A02F2D0CF32A}.Debug|Any CPU.ActiveCfg = Debug|Any CPU
		{44178660-67FA-4D99-B3F0-A02F2D0CF32A}.Debug|Any CPU.Build.0 = Debug|Any CPU
		{44178660-67FA-4D99-B3F0-A02F2D0CF32A}.Release|Any CPU.ActiveCfg = Release|Any CPU
		{44178660-67FA-4D99-B3F0-A02F2D0CF32A}.Release|Any CPU.Build.0 = Release|Any CPU
	EndGlobalSection
	GlobalSection(SolutionProperties) = preSolution
		HideSolutionNode = FALSE
	EndGlobalSection
	GlobalSection(ExtensibilityGlobals) = postSolution
		SolutionGuid = {A3AF8972-25CF-4A6D-AA96-1AD6DADF5F4E}
	EndGlobalSection
EndGlobal
